
Microsoft Visual Studio Solution File, Format Version 12.00
# Visual Studio Version 17
VisualStudioVersion = 17.1.32328.378
MinimumVisualStudioVersion = 10.0.40219.1
Project("{FAE04EC0-301F-11D3-BF4B-00C04F79EFBC}") = "TablesManageASP", "TablesManageASP\TablesManageASP.csproj", "{DA889987-B13F-4B08-AD30-DB943D1367F2}"
EndProject
Global
	GlobalSection(SolutionConfigurationPlatforms) = preSolution
		Debug|Any CPU = Debug|Any CPU
		Release|Any CPU = Release|Any CPU
	EndGlobalSection
	GlobalSection(ProjectConfigurationPlatforms) = postSolution
		{DA889987-B13F-4B08-AD30-DB943D1367F2}.Debug|Any CPU.ActiveCfg = Debug|Any CPU
		{DA889987-B13F-4B08-AD30-DB943D1367F2}.Debug|Any CPU.Build.0 = Debug|Any CPU
		{DA889987-B13F-4B08-AD30-DB943D1367F2}.Release|Any CPU.ActiveCfg = Release|Any CPU
		{DA889987-B13F-4B08-AD30-DB943D1367F2}.Release|Any CPU.Build.0 = Release|Any CPU
	EndGlobalSection
	GlobalSection(SolutionProperties) = preSolution
		HideSolutionNode = FALSE
	EndGlobalSection
	GlobalSection(ExtensibilityGlobals) = postSolution
		SolutionGuid = {3D82B8E1-3D12-4228-8131-4F12899BF703}
	EndGlobalSection
EndGlobal
